
Microsoft Visual Studio Solution File, Format Version 12.00
# Visual Studio Version 16
VisualStudioVersion = 16.0.29009.5
MinimumVisualStudioVersion = 10.0.40219.1
Project("{FAE04EC0-301F-11D3-BF4B-00C04F79EFBC}") = "ProjectDelorean", "ProjectDelorean.csproj", "{4B4F3C78-6AC3-47A3-B2A9-D93A92110298}"
EndProject
Project("{FAE04EC0-301F-11D3-BF4B-00C04F79EFBC}") = "UnitTests", "..\UnitTests\UnitTests.csproj", "{F532E6D5-0F70-42A1-9258-50018B42406A}"
EndProject
Global
	GlobalSection(SolutionConfigurationPlatforms) = preSolution
		Debug|Any CPU = Debug|Any CPU
		Release|Any CPU = Release|Any CPU
	EndGlobalSection
	GlobalSection(ProjectConfigurationPlatforms) = postSolution
		{4B4F3C78-6AC3-47A3-B2A9-D93A92110298}.Debug|Any CPU.ActiveCfg = Debug|Any CPU
		{4B4F3C78-6AC3-47A3-B2A9-D93A92110298}.Debug|Any CPU.Build.0 = Debug|Any CPU
		{4B4F3C78-6AC3-47A3-B2A9-D93A92110298}.Release|Any CPU.ActiveCfg = Release|Any CPU
		{4B4F3C78-6AC3-47A3-B2A9-D93A92110298}.Release|Any CPU.Build.0 = Release|Any CPU
		{F532E6D5-0F70-42A1-9258-50018B42406A}.Debug|Any CPU.ActiveCfg = Debug|Any CPU
		{F532E6D5-0F70-42A1-9258-50018B42406A}.Debug|Any CPU.Build.0 = Debug|Any CPU
		{F532E6D5-0F70-42A1-9258-50018B42406A}.Release|Any CPU.ActiveCfg = Release|Any CPU
		{F532E6D5-0F70-42A1-9258-50018B42406A}.Release|Any CPU.Build.0 = Release|Any CPU
	EndGlobalSection
	GlobalSection(SolutionProperties) = preSolution
		HideSolutionNode = FALSE
	EndGlobalSection
	GlobalSection(ExtensibilityGlobals) = postSolution
		SolutionGuid = {533A5818-DA10-423C-9A25-7F843F208840}
	EndGlobalSection
EndGlobal
